
Microsoft Visual Studio Solution File, Format Version 12.00
# Visual Studio Version 16
VisualStudioVersion = 16.0.32228.343
MinimumVisualStudioVersion = 10.0.40219.1
Project("{9A19103F-16F7-4668-BE54-9A1E7A4F7556}") = "CryptoTrader", "CryptoTrader\CryptoTrader.csproj", "{2C7B0141-C3F1-47C1-9E81-782B829C87BF}"
EndProject
Project("{9A19103F-16F7-4668-BE54-9A1E7A4F7556}") = "CryptoTrader.WebAPI", "CryptoTrader.WebAPI\CryptoTrader.WebAPI.csproj", "{1B4B88CE-32F3-4516-8AF3-2A9EF9EAC0E4}"
EndProject
Project("{C7167F0D-BC9F-4E6E-AFE1-012C56B48DB5}") = "CryptoTrader.App (Package)", "CryptoTrader.App (Package)\CryptoTrader.App (Package).wapproj", "{987B3D4E-E848-4A9E-9566-E8F2540DFB0F}"
EndProject
Project("{9A19103F-16F7-4668-BE54-9A1E7A4F7556}") = "CryptoTrader.App", "CryptoTrader.App\CryptoTrader.App.csproj", "{B6B012D4-4585-4C72-B335-61A40AB9DCAD}"
EndProject
Project("{9A19103F-16F7-4668-BE54-9A1E7A4F7556}") = "CryptoTrader.App.Core", "CryptoTrader.App.Core\CryptoTrader.App.Core.csproj", "{1AE72BFC-FA8B-48D5-98FB-0685269A081A}"
EndProject
Global
	GlobalSection(SolutionConfigurationPlatforms) = preSolution
		Debug|Any CPU = Debug|Any CPU
		Debug|arm64 = Debug|arm64
		Debug|x64 = Debug|x64
		Debug|x86 = Debug|x86
		Release|Any CPU = Release|Any CPU
		Release|arm64 = Release|arm64
		Release|x64 = Release|x64
		Release|x86 = Release|x86
	EndGlobalSection
	GlobalSection(ProjectConfigurationPlatforms) = postSolution
		{2C7B0141-C3F1-47C1-9E81-782B829C87BF}.Debug|Any CPU.ActiveCfg = Debug|Any CPU
		{2C7B0141-C3F1-47C1-9E81-782B829C87BF}.Debug|Any CPU.Build.0 = Debug|Any CPU
		{2C7B0141-C3F1-47C1-9E81-782B829C87BF}.Debug|arm64.ActiveCfg = Debug|Any CPU
		{2C7B0141-C3F1-47C1-9E81-782B829C87BF}.Debug|arm64.Build.0 = Debug|Any CPU
		{2C7B0141-C3F1-47C1-9E81-782B829C87BF}.Debug|x64.ActiveCfg = Debug|Any CPU
		{2C7B0141-C3F1-47C1-9E81-782B829C87BF}.Debug|x64.Build.0 = Debug|Any CPU
		{2C7B0141-C3F1-47C1-9E81-782B829C87BF}.Debug|x86.ActiveCfg = Debug|Any CPU
		{2C7B0141-C3F1-47C1-9E81-782B829C87BF}.Debug|x86.Build.0 = Debug|Any CPU
		{2C7B0141-C3F1-47C1-9E81-782B829C87BF}.Release|Any CPU.ActiveCfg = Release|Any CPU
		{2C7B0141-C3F1-47C1-9E81-782B829C87BF}.Release|Any CPU.Build.0 = Release|Any CPU
		{2C7B0141-C3F1-47C1-9E81-782B829C87BF}.Release|arm64.ActiveCfg = Release|Any CPU
		{2C7B0141-C3F1-47C1-9E81-782B829C87BF}.Release|arm64.Build.0 = Release|Any CPU
		{2C7B0141-C3F1-47C1-9E81-782B829C87BF}.Release|x64.ActiveCfg = Release|Any CPU
		{2C7B0141-C3F1-47C1-9E81-782B829C87BF}.Release|x64.Build.0 = Release|Any CPU
		{2C7B0141-C3F1-47C1-9E81-782B829C87BF}.Release|x86.ActiveCfg = Release|Any CPU
		{2C7B0141-C3F1-47C1-9E81-782B829C87BF}.Release|x86.Build.0 = Release|Any CPU
		{1B4B88CE-32F3-4516-8AF3-2A9EF9EAC0E4}.Debug|Any CPU.ActiveCfg = Debug|Any CPU
		{1B4B88CE-32F3-4516-8AF3-2A9EF9EAC0E4}.Debug|Any CPU.Build.0 = Debug|Any CPU
		{1B4B88CE-32F3-4516-8AF3-2A9EF9EAC0E4}.Debug|arm64.ActiveCfg = Debug|Any CPU
		{1B4B88CE-32F3-4516-8AF3-2A9EF9EAC0E4}.Debug|arm64.Build.0 = Debug|Any CPU
		{1B4B88CE-32F3-4516-8AF3-2A9EF9EAC0E4}.Debug|x64.ActiveCfg = Debug|Any CPU
		{1B4B88CE-32F3-4516-8AF3-2A9EF9EAC0E4}.Debug|x64.Build.0 = Debug|Any CPU
		{1B4B88CE-32F3-4516-8AF3-2A9EF9EAC0E4}.Debug|x86.ActiveCfg = Debug|Any CPU
		{1B4B88CE-32F3-4516-8AF3-2A9EF9EAC0E4}.Debug|x86.Build.0 = Debug|Any CPU
		{1B4B88CE-32F3-4516-8AF3-2A9EF9EAC0E4}.Release|Any CPU.ActiveCfg = Release|Any CPU
		{1B4B88CE-32F3-4516-8AF3-2A9EF9EAC0E4}.Release|Any CPU.Build.0 = Release|Any CPU
		{1B4B88CE-32F3-4516-8AF3-2A9EF9EAC0E4}.Release|arm64.ActiveCfg = Release|Any CPU
		{1B4B88CE-32F3-4516-8AF3-2A9EF9EAC0E4}.Release|arm64.Build.0 = Release|Any CPU
		{1B4B88CE-32F3-4516-8AF3-2A9EF9EAC0E4}.Release|x64.ActiveCfg = Release|Any CPU
		{1B4B88CE-32F3-4516-8AF3-2A9EF9EAC0E4}.Release|x64.Build.0 = Release|Any CPU
		{1B4B88CE-32F3-4516-8AF3-2A9EF9EAC0E4}.Release|x86.ActiveCfg = Release|Any CPU
		{1B4B88CE-32F3-4516-8AF3-2A9EF9EAC0E4}.Release|x86.Build.0 = Release|Any CPU
		{987B3D4E-E848-4A9E-9566-E8F2540DFB0F}.Debug|Any CPU.ActiveCfg = Debug|x86
		{987B3D4E-E848-4A9E-9566-E8F2540DFB0F}.Debug|arm64.ActiveCfg = Debug|arm64
		{987B3D4E-E848-4A9E-9566-E8F2540DFB0F}.Debug|arm64.Build.0 = Debug|arm64
		{987B3D4E-E848-4A9E-9566-E8F2540DFB0F}.Debug|arm64.Deploy.0 = Debug|arm64
		{987B3D4E-E848-4A9E-9566-E8F2540DFB0F}.Debug|x64.ActiveCfg = Debug|x64
		{987B3D4E-E848-4A9E-9566-E8F2540DFB0F}.Debug|x64.Build.0 = Debug|x64
		{987B3D4E-E848-4A9E-9566-E8F2540DFB0F}.Debug|x64.Deploy.0 = Debug|x64
		{987B3D4E-E848-4A9E-9566-E8F2540DFB0F}.Debug|x86.ActiveCfg = Debug|x86
		{987B3D4E-E848-4A9E-9566-E8F2540DFB0F}.Debug|x86.Build.0 = Debug|x86
		{987B3D4E-E848-4A9E-9566-E8F2540DFB0F}.Debug|x86.Deploy.0 = Debug|x86
		{987B3D4E-E848-4A9E-9566-E8F2540DFB0F}.Release|Any CPU.ActiveCfg = Release|x86
		{987B3D4E-E848-4A9E-9566-E8F2540DFB0F}.Release|arm64.ActiveCfg = Release|arm64
		{987B3D4E-E848-4A9E-9566-E8F2540DFB0F}.Release|arm64.Build.0 = Release|arm64
		{987B3D4E-E848-4A9E-9566-E8F2540DFB0F}.Release|arm64.Deploy.0 = Release|arm64
		{987B3D4E-E848-4A9E-9566-E8F2540DFB0F}.Release|x64.ActiveCfg = Release|x64
		{987B3D4E-E848-4A9E-9566-E8F2540DFB0F}.Release|x64.Build.0 = Release|x64
		{987B3D4E-E848-4A9E-9566-E8F2540DFB0F}.Release|x64.Deploy.0 = Release|x64
		{987B3D4E-E848-4A9E-9566-E8F2540DFB0F}.Release|x86.ActiveCfg = Release|x86
		{987B3D4E-E848-4A9E-9566-E8F2540DFB0F}.Release|x86.Build.0 = Release|x86
		{987B3D4E-E848-4A9E-9566-E8F2540DFB0F}.Release|x86.Deploy.0 = Release|x86
		{B6B012D4-4585-4C72-B335-61A40AB9DCAD}.Debug|Any CPU.ActiveCfg = Debug|x86
		{B6B012D4-4585-4C72-B335-61A40AB9DCAD}.Debug|arm64.ActiveCfg = Debug|arm64
		{B6B012D4-4585-4C72-B335-61A40AB9DCAD}.Debug|arm64.Build.0 = Debug|arm64
		{B6B012D4-4585-4C72-B335-61A40AB9DCAD}.Debug|x64.ActiveCfg = Debug|x64
		{B6B012D4-4585-4C72-B335-61A40AB9DCAD}.Debug|x64.Build.0 = Debug|x64
		{B6B012D4-4585-4C72-B335-61A40AB9DCAD}.Debug|x86.ActiveCfg = Debug|x86
		{B6B012D4-4585-4C72-B335-61A40AB9DCAD}.Debug|x86.Build.0 = Debug|x86
		{B6B012D4-4585-4C72-B335-61A40AB9DCAD}.Release|Any CPU.ActiveCfg = Release|x86
		{B6B012D4-4585-4C72-B335-61A40AB9DCAD}.Release|arm64.ActiveCfg = Release|arm64
		{B6B012D4-4585-4C72-B335-61A40AB9DCAD}.Release|arm64.Build.0 = Release|arm64
		{B6B012D4-4585-4C72-B335-61A40AB9DCAD}.Release|x64.ActiveCfg = Release|x64
		{B6B012D4-4585-4C72-B335-61A40AB9DCAD}.Release|x64.Build.0 = Release|x64
		{B6B012D4-4585-4C72-B335-61A40AB9DCAD}.Release|x86.ActiveCfg = Release|x86
		{B6B012D4-4585-4C72-B335-61A40AB9DCAD}.Release|x86.Build.0 = Release|x86
		{1AE72BFC-FA8B-48D5-98FB-0685269A081A}.Debug|Any CPU.ActiveCfg = Debug|Any CPU
		{1AE72BFC-FA8B-48D5-98FB-0685269A081A}.Debug|Any CPU.Build.0 = Debug|Any CPU
		{1AE72BFC-FA8B-48D5-98FB-0685269A081A}.Debug|arm64.ActiveCfg = Debug|Any CPU
		{1AE72BFC-FA8B-48D5-98FB-0685269A081A}.Debug|arm64.Build.0 = Debug|Any CPU
		{1AE72BFC-FA8B-48D5-98FB-0685269A081A}.Debug|x64.ActiveCfg = Debug|x64
		{1AE72BFC-FA8B-48D5-98FB-0685269A081A}.Debug|x64.Build.0 = Debug|x64
		{1AE72BFC-FA8B-48D5-98FB-0685269A081A}.Debug|x86.ActiveCfg = Debug|x86
		{1AE72BFC-FA8B-48D5-98FB-0685269A081A}.Debug|x86.Build.0 = Debug|x86
		{1AE72BFC-FA8B-48D5-98FB-0685269A081A}.Release|Any CPU.ActiveCfg = Release|Any CPU
		{1AE72BFC-FA8B-48D5-98FB-0685269A081A}.Release|Any CPU.Build.0 = Release|Any CPU
		{1AE72BFC-FA8B-48D5-98FB-0685269A081A}.Release|arm64.ActiveCfg = Release|Any CPU
		{1AE72BFC-FA8B-48D5-98FB-0685269A081A}.Release|arm64.Build.0 = Release|Any CPU
		{1AE72BFC-FA8B-48D5-98FB-0685269A081A}.Release|x64.ActiveCfg = Release|x64
		{1AE72BFC-FA8B-48D5-98FB-0685269A081A}.Release|x64.Build.0 = Release|x64
		{1AE72BFC-FA8B-48D5-98FB-0685269A081A}.Release|x86.ActiveCfg = Release|x86
		{1AE72BFC-FA8B-48D5-98FB-0685269A081A}.Release|x86.Build.0 = Release|x86
	EndGlobalSection
	GlobalSection(SolutionProperties) = preSolution
		HideSolutionNode = FALSE
	EndGlobalSection
	GlobalSection(ExtensibilityGlobals) = postSolution
		SolutionGuid = {DDBC176F-C872-4D90-AB24-42B06CC4D7A3}
	EndGlobalSection
EndGlobal
